// !$*UTF8*$!
{
	archiveVersion = 1;
	classes = {
	};
	objectVersion = 56;
	objects = {

/* Begin PBXBuildFile section */
		DA5381AE2B6CC82300079356 /* MemoriesViewController.swift in Sources */ = {isa = PBXBuildFile; fileRef = DA5381AD2B6CC82300079356 /* MemoriesViewController.swift */; };
		DADAEEF72B6CB44A00FDBD28 /* AppDelegate.swift in Sources */ = {isa = PBXBuildFile; fileRef = DADAEEF62B6CB44A00FDBD28 /* AppDelegate.swift */; };
		DADAEEF92B6CB44A00FDBD28 /* SceneDelegate.swift in Sources */ = {isa = PBXBuildFile; fileRef = DADAEEF82B6CB44A00FDBD28 /* SceneDelegate.swift */; };
		DADAEEFB2B6CB44A00FDBD28 /* ViewController.swift in Sources */ = {isa = PBXBuildFile; fileRef = DADAEEFA2B6CB44A00FDBD28 /* ViewController.swift */; };
		DADAEEFE2B6CB44A00FDBD28 /* Main.storyboard in Resources */ = {isa = PBXBuildFile; fileRef = DADAEEFC2B6CB44A00FDBD28 /* Main.storyboard */; };
		DADAEF002B6CB44B00FDBD28 /* Assets.xcassets in Resources */ = {isa = PBXBuildFile; fileRef = DADAEEFF2B6CB44B00FDBD28 /* Assets.xcassets */; };
		DADAEF032B6CB44B00FDBD28 /* LaunchScreen.storyboard in Resources */ = {isa = PBXBuildFile; fileRef = DADAEF012B6CB44B00FDBD28 /* LaunchScreen.storyboard */; };
/* End PBXBuildFile section */

/* Begin PBXFileReference section */
		DA5381AD2B6CC82300079356 /* MemoriesViewController.swift */ = {isa = PBXFileReference; lastKnownFileType = sourcecode.swift; path = MemoriesViewController.swift; sourceTree = "<group>"; };
		DADAEEF32B6CB44A00FDBD28 /* Happy Days.app */ = {isa = PBXFileReference; explicitFileType = wrapper.application; includeInIndex = 0; path = "Happy Days.app"; sourceTree = BUILT_PRODUCTS_DIR; };
		DADAEEF62B6CB44A00FDBD28 /* AppDelegate.swift */ = {isa = PBXFileReference; lastKnownFileType = sourcecode.swift; path = AppDelegate.swift; sourceTree = "<group>"; };
		DADAEEF82B6CB44A00FDBD28 /* SceneDelegate.swift */ = {isa = PBXFileReference; lastKnownFileType = sourcecode.swift; path = SceneDelegate.swift; sourceTree = "<group>"; };
		DADAEEFA2B6CB44A00FDBD28 /* ViewController.swift */ = {isa = PBXFileReference; lastKnownFileType = sourcecode.swift; path = ViewController.swift; sourceTree = "<group>"; };
		DADAEEFD2B6CB44A00FDBD28 /* Base */ = {isa = PBXFileReference; lastKnownFileType = file.storyboard; name = Base; path = Base.lproj/Main.storyboard; sourceTree = "<group>"; };
		DADAEEFF2B6CB44B00FDBD28 /* Assets.xcassets */ = {isa = PBXFileReference; lastKnownFileType = folder.assetcatalog; path = Assets.xcassets; sourceTree = "<group>"; };
		DADAEF022B6CB44B00FDBD28 /* Base */ = {isa = PBXFileReference; lastKnownFileType = file.storyboard; name = Base; path = Base.lproj/LaunchScreen.storyboard; sourceTree = "<group>"; };
		DADAEF042B6CB44B00FDBD28 /* Info.plist */ = {isa = PBXFileReference; lastKnownFileType = text.plist.xml; path = Info.plist; sourceTree = "<group>"; };
/* End PBXFileReference section */

/* Begin PBXFrameworksBuildPhase section */
		DADAEEF02B6CB44A00FDBD28 /* Frameworks */ = {
			isa = PBXFrameworksBuildPhase;
			buildActionMask = 2147483647;
			files = (
			);
			runOnlyForDeploymentPostprocessing = 0;
		};
/* End PBXFrameworksBuildPhase section */

/* Begin PBXGroup section */
		DADAEEEA2B6CB44A00FDBD28 = {
			isa = PBXGroup;
			children = (
				DADAEEF52B6CB44A00FDBD28 /* Happy Days */,
				DADAEEF42B6CB44A00FDBD28 /* Products */,
			);
			sourceTree = "<group>";
		};
		DADAEEF42B6CB44A00FDBD28 /* Products */ = {
			isa = PBXGroup;
			children = (
				DADAEEF32B6CB44A00FDBD28 /* Happy Days.app */,
			);
			name = Products;
			sourceTree = "<group>";
		};
		DADAEEF52B6CB44A00FDBD28 /* Happy Days */ = {
			isa = PBXGroup;
			children = (
				DADAEEF62B6CB44A00FDBD28 /* AppDelegate.swift */,
				DADAEEF82B6CB44A00FDBD28 /* SceneDelegate.swift */,
				DADAEEFA2B6CB44A00FDBD28 /* ViewController.swift */,
				DADAEEFC2B6CB44A00FDBD28 /* Main.storyboard */,
				DA5381AD2B6CC82300079356 /* MemoriesViewController.swift */,
				DADAEEFF2B6CB44B00FDBD28 /* Assets.xcassets */,
				DADAEF012B6CB44B00FDBD28 /* LaunchScreen.storyboard */,
				DADAEF042B6CB44B00FDBD28 /* Info.plist */,
			);
			path = "Happy Days";
			sourceTree = "<group>";
		};
/* End PBXGroup section */

/* Begin PBXNativeTarget section */
		DADAEEF22B6CB44A00FDBD28 /* Happy Days */ = {
			isa = PBXNativeTarget;
			buildConfigurationList = DADAEF072B6CB44B00FDBD28 /* Build configuration list for PBXNativeTarget "Happy Days" */;
			buildPhases = (
				DADAEEEF2B6CB44A00FDBD28 /* Sources */,
				DADAEEF02B6CB44A00FDBD28 /* Frameworks */,
				DADAEEF12B6CB44A00FDBD28 /* Resources */,
			);
			buildRules = (
			);
			dependencies = (
			);
			name = "Happy Days";
			productName = "Happy Days";
			productReference = DADAEEF32B6CB44A00FDBD28 /* Happy Days.app */;
			productType = "com.apple.product-type.application";
		};
/* End PBXNativeTarget section */

/* Begin PBXProject section */
		DADAEEEB2B6CB44A00FDBD28 /* Project object */ = {
			isa = PBXProject;
			attributes = {
				BuildIndependentTargetsInParallel = 1;
				LastSwiftUpdateCheck = 1500;
				LastUpgradeCheck = 1500;
				TargetAttributes = {
					DADAEEF22B6CB44A00FDBD28 = {
						CreatedOnToolsVersion = 15.0;
					};
				};
			};
			buildConfigurationList = DADAEEEE2B6CB44A00FDBD28 /* Build configuration list for PBXProject "Happy Days" */;
			compatibilityVersion = "Xcode 14.0";
			developmentRegion = en;
			hasScannedForEncodings = 0;
			knownRegions = (
				en,
				Base,
			);
			mainGroup = DADAEEEA2B6CB44A00FDBD28;
			productRefGroup = DADAEEF42B6CB44A00FDBD28 /* Products */;
			projectDirPath = "";
			projectRoot = "";
			targets = (
				DADAEEF22B6CB44A00FDBD28 /* Happy Days */,
			);
		};
/* End PBXProject section */

/* Begin PBXResourcesBuildPhase section */
		DADAEEF12B6CB44A00FDBD28 /* Resources */ = {
			isa = PBXResourcesBuildPhase;
			buildActionMask = 2147483647;
			files = (
				DADAEF032B6CB44B00FDBD28 /* LaunchScreen.storyboard in Resources */,
				DADAEF002B6CB44B00FDBD28 /* Assets.xcassets in Resources */,
				DADAEEFE2B6CB44A00FDBD28 /* Main.storyboard in Resources */,
			);
			runOnlyForDeploymentPostprocessing = 0;
		};
/* End PBXResourcesBuildPhase section */

/* Begin PBXSourcesBuildPhase section */
		DADAEEEF2B6CB44A00FDBD28 /* Sources */ = {
			isa = PBXSourcesBuildPhase;
			buildActionMask = 2147483647;
			files = (
				DADAEEFB2B6CB44A00FDBD28 /* ViewController.swift in Sources */,
				DADAEEF72B6CB44A00FDBD28 /* AppDelegate.swift in Sources */,
				DADAEEF92B6CB44A00FDBD28 /* SceneDelegate.swift in Sources */,
				DA5381AE2B6CC82300079356 /* MemoriesViewController.swift in Sources */,
			);
			runOnlyForDeploymentPostprocessing = 0;
		};
/* End PBXSourcesBuildPhase section */

/* Begin PBXVariantGroup section */
		DADAEEFC2B6CB44A00FDBD28 /* Main.storyboard */ = {
			isa = PBXVariantGroup;
			children = (
				DADAEEFD2B6CB44A00FDBD28 /* Base */,
			);
			name = Main.storyboard;
			sourceTree = "<group>";
		};
		DADAEF012B6CB44B00FDBD28 /* LaunchScreen.storyboard */ = {
			isa = PBXVariantGroup;
			children = (
				DADAEF022B6CB44B00FDBD28 /* Base */,
			);
			name = LaunchScreen.storyboard;
			sourceTree = "<group>";
		};
/* End PBXVariantGroup section */

/* Begin XCBuildConfiguration section */
		DADAEF052B6CB44B00FDBD28 /* Debug */ = {
			isa = XCBuildConfiguration;
			buildSettings = {
				ALWAYS_SEARCH_USER_PATHS = NO;
				ASSETCATALOG_COMPILER_GENERATE_SWIFT_ASSET_SYMBOL_EXTENSIONS = YES;
				CLANG_ANALYZER_NONNULL = YES;
				CLANG_ANALYZER_NUMBER_OBJECT_CONVERSION = YES_AGGRESSIVE;
				CLANG_CXX_LANGUAGE_STANDARD = "gnu++20";
				CLANG_ENABLE_MODULES = YES;
				CLANG_ENABLE_OBJC_ARC = YES;
				CLANG_ENABLE_OBJC_WEAK = YES;
				CLANG_WARN_BLOCK_CAPTURE_AUTORELEASING = YES;
				CLANG_WARN_BOOL_CONVERSION = YES;
				CLANG_WARN_COMMA = YES;
				CLANG_WARN_CONSTANT_CONVERSION = YES;
				CLANG_WARN_DEPRECATED_OBJC_IMPLEMENTATIONS = YES;
				CLANG_WARN_DIRECT_OBJC_ISA_USAGE = YES_ERROR;
				CLANG_WARN_DOCUMENTATION_COMMENTS = YES;
				CLANG_WARN_EMPTY_BODY = YES;
				CLANG_WARN_ENUM_CONVERSION = YES;
				CLANG_WARN_INFINITE_RECURSION = YES;
				CLANG_WARN_INT_CONVERSION = YES;
				CLANG_WARN_NON_LITERAL_NULL_CONVERSION = YES;
				CLANG_WARN_OBJC_IMPLICIT_RETAIN_SELF = YES;
				CLANG_WARN_OBJC_LITERAL_CONVERSION = YES;
				CLANG_WARN_OBJC_ROOT_CLASS = YES_ERROR;
				CLANG_WARN_QUOTED_INCLUDE_IN_FRAMEWORK_HEADER = YES;
				CLANG_WARN_RANGE_LOOP_ANALYSIS = YES;
				CLANG_WARN_STRICT_PROTOTYPES = YES;
				CLANG_WARN_SUSPICIOUS_MOVE = YES;
				CLANG_WARN_UNGUARDED_AVAILABILITY = YES_AGGRESSIVE;
				CLANG_WARN_UNREACHABLE_CODE = YES;
				CLANG_WARN__DUPLICATE_METHOD_MATCH = YES;
				COPY_PHASE_STRIP = NO;
				DEBUG_INFORMATION_FORMAT = dwarf;
				ENABLE_STRICT_OBJC_MSGSEND = YES;
				ENABLE_TESTABILITY = YES;
				ENABLE_USER_SCRIPT_SANDBOXING = YES;
				GCC_C_LANGUAGE_STANDARD = gnu17;
				GCC_DYNAMIC_NO_PIC = NO;
				GCC_NO_COMMON_BLOCKS = YES;
				GCC_OPTIMIZATION_LEVEL = 0;
				GCC_PREPROCESSOR_DEFINITIONS = (
					"DEBUG=1",
					"$(inherited)",
				);
				GCC_WARN_64_TO_32_BIT_CONVERSION = YES;
				GCC_WARN_ABOUT_RETURN_TYPE = YES_ERROR;
				GCC_WARN_UNDECLARED_SELECTOR = YES;
				GCC_WARN_UNINITIALIZED_AUTOS = YES_AGGRESSIVE;
				GCC_WARN_UNUSED_FUNCTION = YES;
				GCC_WARN_UNUSED_VARIABLE = YES;
				IPHONEOS_DEPLOYMENT_TARGET = 17.0;
				LOCALIZATION_PREFERS_STRING_CATALOGS = YES;
				MTL_ENABLE_DEBUG_INFO = INCLUDE_SOURCE;
				MTL_FAST_MATH = YES;
				ONLY_ACTIVE_ARCH = YES;
				SDKROOT = iphoneos;
				SWIFT_ACTIVE_COMPILATION_CONDITIONS = "DEBUG $(inherited)";
				SWIFT_OPTIMIZATION_LEVEL = "-Onone";
			};
			name = Debug;
		};
		DADAEF062B6CB44B00FDBD28 /* Release */ = {
			isa = XCBuildConfiguration;
			buildSettings = {
				ALWAYS_SEARCH_USER_PATHS = NO;
				ASSETCATALOG_COMPILER_GENERATE_SWIFT_ASSET_SYMBOL_EXTENSIONS = YES;
				CLANG_ANALYZER_NONNULL = YES;
				CLANG_ANALYZER_NUMBER_OBJECT_CONVERSION = YES_AGGRESSIVE;
				CLANG_CXX_LANGUAGE_STANDARD = "gnu++20";
				CLANG_ENABLE_MODULES = YES;
				CLANG_ENABLE_OBJC_ARC = YES;
				CLANG_ENABLE_OBJC_WEAK = YES;
				CLANG_WARN_BLOCK_CAPTURE_AUTORELEASING = YES;
				CLANG_WARN_BOOL_CONVERSION = YES;
				CLANG_WARN_COMMA = YES;
				CLANG_WARN_CONSTANT_CONVERSION = YES;
				CLANG_WARN_DEPRECATED_OBJC_IMPLEMENTATIONS = YES;
				CLANG_WARN_DIRECT_OBJC_ISA_USAGE = YES_ERROR;
				CLANG_WARN_DOCUMENTATION_COMMENTS = YES;
				CLANG_WARN_EMPTY_BODY = YES;
				CLANG_WARN_ENUM_CONVERSION = YES;
				CLANG_WARN_INFINITE_RECURSION = YES;
				CLANG_WARN_INT_CONVERSION = YES;
				CLANG_WARN_NON_LITERAL_NULL_CONVERSION = YES;
				CLANG_WARN_OBJC_IMPLICIT_RETAIN_SELF = YES;
				CLANG_WARN_OBJC_LITERAL_CONVERSION = YES;
				CLANG_WARN_OBJC_ROOT_CLASS = YES_ERROR;
				CLANG_WARN_QUOTED_INCLUDE_IN_FRAMEWORK_HEADER = YES;
				CLANG_WARN_RANGE_LOOP_ANALYSIS = YES;
				CLANG_WARN_STRICT_PROTOTYPES = YES;
				CLANG_WARN_SUSPICIOUS_MOVE = YES;
				CLANG_WARN_UNGUARDED_AVAILABILITY = YES_AGGRESSIVE;
				CLANG_WARN_UNREACHABLE_CODE = YES;
				CLANG_WARN__DUPLICATE_METHOD_MATCH = YES;
				COPY_PHASE_STRIP = NO;
				DEBUG_INFORMATION_FORMAT = "dwarf-with-dsym";
				ENABLE_NS_ASSERTIONS = NO;
				ENABLE_STRICT_OBJC_MSGSEND = YES;
				ENABLE_USER_SCRIPT_SANDBOXING = YES;
				GCC_C_LANGUAGE_STANDARD = gnu17;
				GCC_NO_COMMON_BLOCKS = YES;
				GCC_WARN_64_TO_32_BIT_CONVERSION = YES;
				GCC_WARN_ABOUT_RETURN_TYPE = YES_ERROR;
				GCC_WARN_UNDECLARED_SELECTOR = YES;
				GCC_WARN_UNINITIALIZED_AUTOS = YES_AGGRESSIVE;
				GCC_WARN_UNUSED_FUNCTION = YES;
				GCC_WARN_UNUSED_VARIABLE = YES;
				IPHONEOS_DEPLOYMENT_TARGET = 17.0;
				LOCALIZATION_PREFERS_STRING_CATALOGS = YES;
				MTL_ENABLE_DEBUG_INFO = NO;
				MTL_FAST_MATH = YES;
				SDKROOT = iphoneos;
				SWIFT_COMPILATION_MODE = wholemodule;
				VALIDATE_PRODUCT = YES;
			};
			name = Release;
		};
		DADAEF082B6CB44B00FDBD28 /* Debug */ = {
			isa = XCBuildConfiguration;
			buildSettings = {
				ASSETCATALOG_COMPILER_APPICON_NAME = AppIcon;
				ASSETCATALOG_COMPILER_GLOBAL_ACCENT_COLOR_NAME = AccentColor;
				CODE_SIGN_STYLE = Automatic;
				CURRENT_PROJECT_VERSION = 1;
				DEVELOPMENT_TEAM = FC3RG2JLGW;
				GENERATE_INFOPLIST_FILE = YES;
				INFOPLIST_FILE = "Happy Days/Info.plist";
				INFOPLIST_KEY_UIApplicationSupportsIndirectInputEvents = YES;
				INFOPLIST_KEY_UILaunchStoryboardName = LaunchScreen;
				INFOPLIST_KEY_UIMainStoryboardFile = Main;
				INFOPLIST_KEY_UISupportedInterfaceOrientations_iPad = "UIInterfaceOrientationPortrait UIInterfaceOrientationPortraitUpsideDown UIInterfaceOrientationLandscapeLeft UIInterfaceOrientationLandscapeRight";
				INFOPLIST_KEY_UISupportedInterfaceOrientations_iPhone = "UIInterfaceOrientationPortrait UIInterfaceOrientationLandscapeLeft UIInterfaceOrientationLandscapeRight";
				LD_RUNPATH_SEARCH_PATHS = (
					"$(inherited)",
					"@executable_path/Frameworks",
				);
				MARKETING_VERSION = 1.0;
				PRODUCT_BUNDLE_IDENTIFIER = "steroidbrothers.Happy-Days";
				PRODUCT_NAME = "$(TARGET_NAME)";
				SWIFT_EMIT_LOC_STRINGS = YES;
				SWIFT_VERSION = 5.0;
				TARGETED_DEVICE_FAMILY = "1,2";
			};
			name = Debug;
		};
		DADAEF092B6CB44B00FDBD28 /* Release */ = {
			isa = XCBuildConfiguration;
			buildSettings = {
				ASSETCATALOG_COMPILER_APPICON_NAME = AppIcon;
				ASSETCATALOG_COMPILER_GLOBAL_ACCENT_COLOR_NAME = AccentColor;
				CODE_SIGN_STYLE = Automatic;
				CURRENT_PROJECT_VERSION = 1;
				DEVELOPMENT_TEAM = FC3RG2JLGW;
				GENERATE_INFOPLIST_FILE = YES;
				INFOPLIST_FILE = "Happy Days/Info.plist";
				INFOPLIST_KEY_UIApplicationSupportsIndirectInputEvents = YES;
				INFOPLIST_KEY_UILaunchStoryboardName = LaunchScreen;
				INFOPLIST_KEY_UIMainStoryboardFile = Main;
				INFOPLIST_KEY_UISupportedInterfaceOrientations_iPad = "UIInterfaceOrientationPortrait UIInterfaceOrientationPortraitUpsideDown UIInterfaceOrientationLandscapeLeft UIInterfaceOrientationLandscapeRight";
				INFOPLIST_KEY_UISupportedInterfaceOrientations_iPhone = "UIInterfaceOrientationPortrait UIInterfaceOrientationLandscapeLeft UIInterfaceOrientationLandscapeRight";
				LD_RUNPATH_SEARCH_PATHS = (
					"$(inherited)",
					"@executable_path/Frameworks",
				);
				MARKETING_VERSION = 1.0;
				PRODUCT_BUNDLE_IDENTIFIER = "steroidbrothers.Happy-Days";
				PRODUCT_NAME = "$(TARGET_NAME)";
				SWIFT_EMIT_LOC_STRINGS = YES;
				SWIFT_VERSION = 5.0;
				TARGETED_DEVICE_FAMILY = "1,2";
			};
			name = Release;
		};
/* End XCBuildConfiguration section */

/* Begin XCConfigurationList section */
		DADAEEEE2B6CB44A00FDBD28 /* Build configuration list for PBXProject "Happy Days" */ = {
			isa = XCConfigurationList;
			buildConfigurations = (
				DADAEF052B6CB44B00FDBD28 /* Debug */,
				DADAEF062B6CB44B00FDBD28 /* Release */,
			);
			defaultConfigurationIsVisible = 0;
			defaultConfigurationName = Release;
		};
		DADAEF072B6CB44B00FDBD28 /* Build configuration list for PBXNativeTarget "Happy Days" */ = {
			isa = XCConfigurationList;
			buildConfigurations = (
				DADAEF082B6CB44B00FDBD28 /* Debug */,
				DADAEF092B6CB44B00FDBD28 /* Release */,
			);
			defaultConfigurationIsVisible = 0;
			defaultConfigurationName = Release;
		};
/* End XCConfigurationList section */
	};
	rootObject = DADAEEEB2B6CB44A00FDBD28 /* Project object */;
}
